
Microsoft Visual Studio Solution File, Format Version 12.00
# Visual Studio Version 17
VisualStudioVersion = 17.6.33723.286
MinimumVisualStudioVersion = 10.0.40219.1
Project("{FAE04EC0-301F-11D3-BF4B-00C04F79EFBC}") = "SudokuAlgoritmo", "SudokuAlgoritmo\SudokuAlgoritmo.csproj", "{8760E638-A109-4440-88CB-C629D94EDDE9}"
EndProject
Global
	GlobalSection(SolutionConfigurationPlatforms) = preSolution
		Debug|Any CPU = Debug|Any CPU
		Release|Any CPU = Release|Any CPU
	EndGlobalSection
	GlobalSection(ProjectConfigurationPlatforms) = postSolution
		{8760E638-A109-4440-88CB-C629D94EDDE9}.Debug|Any CPU.ActiveCfg = Debug|Any CPU
		{8760E638-A109-4440-88CB-C629D94EDDE9}.Debug|Any CPU.Build.0 = Debug|Any CPU
		{8760E638-A109-4440-88CB-C629D94EDDE9}.Release|Any CPU.ActiveCfg = Release|Any CPU
		{8760E638-A109-4440-88CB-C629D94EDDE9}.Release|Any CPU.Build.0 = Release|Any CPU
	EndGlobalSection
	GlobalSection(SolutionProperties) = preSolution
		HideSolutionNode = FALSE
	EndGlobalSection
	GlobalSection(ExtensibilityGlobals) = postSolution
		SolutionGuid = {12FD86CA-D1AF-4D72-9587-3171C2AF31D2}
	EndGlobalSection
EndGlobal
